# This file is automatically @generated by Cargo.
# It is not intended for manual editing.
version = 4

[[package]]
name = "tarn"
version = "0.0.1"
dependencies = [
 "tarn_ast",
 "tarn_diagnostics",
 "tarn_driver",
 "tarn_ir",
 "tarn_lexer",
 "tarn_parser",
 "tarn_resolve",
 "tarn_types",
]

[[package]]
name = "tarn_ast"
version = "0.0.1"
dependencies = [
 "tarn_diagnostics",
]

[[package]]
name = "tarn_diagnostics"
version = "0.0.1"

[[package]]
name = "tarn_driver"
version = "0.0.1"
dependencies = [
 "tarn_ast",
 "tarn_diagnostics",
 "tarn_ir",
 "tarn_parser",
 "tarn_resolve",
 "tarn_types",
]

[[package]]
name = "tarn_ir"
version = "0.0.1"
dependencies = [
 "tarn_ast",
 "tarn_diagnostics",
 "tarn_resolve",
 "tarn_types",
]

[[package]]
name = "tarn_lexer"
version = "0.0.1"
dependencies = [
 "tarn_diagnostics",
]

[[package]]
name = "tarn_parser"
version = "0.0.1"
dependencies = [
 "tarn_ast",
 "tarn_diagnostics",
 "tarn_lexer",
]

[[package]]
name = "tarn_resolve"
version = "0.0.1"
dependencies = [
 "tarn_ast",
 "tarn_diagnostics",
 "tarn_parser",
]

[[package]]
name = "tarn_types"
version = "0.0.1"
dependencies = [
 "tarn_ast",
 "tarn_diagnostics",
 "tarn_resolve",
]
